
Microsoft Visual Studio Solution File, Format Version 12.00
# Visual Studio Version 17
VisualStudioVersion = 17.13.35507.96 d17.13
MinimumVisualStudioVersion = 10.0.40219.1
Project("{FAE04EC0-301F-11D3-BF4B-00C04F79EFBC}") = "QCCapsuleReader", "QCCapsuleReader.csproj", "{36395078-BB87-488F-9867-738E887BE9EE}"
EndProject
Global
	GlobalSection(SolutionConfigurationPlatforms) = preSolution
		Debug|Any CPU = Debug|Any CPU
		Release|Any CPU = Release|Any CPU
	EndGlobalSection
	GlobalSection(ProjectConfigurationPlatforms) = postSolution
		{36395078-BB87-488F-9867-738E887BE9EE}.Debug|Any CPU.ActiveCfg = Debug|Any CPU
		{36395078-BB87-488F-9867-738E887BE9EE}.Debug|Any CPU.Build.0 = Debug|Any CPU
		{36395078-BB87-488F-9867-738E887BE9EE}.Release|Any CPU.ActiveCfg = Release|Any CPU
		{36395078-BB87-488F-9867-738E887BE9EE}.Release|Any CPU.Build.0 = Release|Any CPU
	EndGlobalSection
	GlobalSection(SolutionProperties) = preSolution
		HideSolutionNode = FALSE
	EndGlobalSection
	GlobalSection(ExtensibilityGlobals) = postSolution
		SolutionGuid = {528EFECC-8A9B-4D76-AB2F-32180D690780}
	EndGlobalSection
EndGlobal
